
Microsoft Visual Studio Solution File, Format Version 12.00
# Visual Studio Version 16
VisualStudioVersion = 16.0.33423.256
MinimumVisualStudioVersion = 10.0.40219.1
Project("{FAE04EC0-301F-11D3-BF4B-00C04F79EFBC}") = "week8_Lab_Task_2", "week8_Lab_Task_2\week8_Lab_Task_2.csproj", "{8EE9F665-FA3F-4CA3-812B-57A6B4CF73FF}"
EndProject
Global
	GlobalSection(SolutionConfigurationPlatforms) = preSolution
		Debug|Any CPU = Debug|Any CPU
		Release|Any CPU = Release|Any CPU
	EndGlobalSection
	GlobalSection(ProjectConfigurationPlatforms) = postSolution
		{8EE9F665-FA3F-4CA3-812B-57A6B4CF73FF}.Debug|Any CPU.ActiveCfg = Debug|Any CPU
		{8EE9F665-FA3F-4CA3-812B-57A6B4CF73FF}.Debug|Any CPU.Build.0 = Debug|Any CPU
		{8EE9F665-FA3F-4CA3-812B-57A6B4CF73FF}.Release|Any CPU.ActiveCfg = Release|Any CPU
		{8EE9F665-FA3F-4CA3-812B-57A6B4CF73FF}.Release|Any CPU.Build.0 = Release|Any CPU
	EndGlobalSection
	GlobalSection(SolutionProperties) = preSolution
		HideSolutionNode = FALSE
	EndGlobalSection
	GlobalSection(ExtensibilityGlobals) = postSolution
		SolutionGuid = {84E07F5D-666B-458B-BB94-84DE0C3D8AA8}
	EndGlobalSection
EndGlobal
