
Microsoft Visual Studio Solution File, Format Version 12.00
# Visual Studio Version 16
VisualStudioVersion = 16.0.33423.256
MinimumVisualStudioVersion = 10.0.40219.1
Project("{FAE04EC0-301F-11D3-BF4B-00C04F79EFBC}") = "Layers", "Layers\Layers.csproj", "{E831C8DB-D691-4B1C-9C17-3B741EAE502C}"
EndProject
Global
	GlobalSection(SolutionConfigurationPlatforms) = preSolution
		Debug|Any CPU = Debug|Any CPU
		Release|Any CPU = Release|Any CPU
	EndGlobalSection
	GlobalSection(ProjectConfigurationPlatforms) = postSolution
		{E831C8DB-D691-4B1C-9C17-3B741EAE502C}.Debug|Any CPU.ActiveCfg = Debug|Any CPU
		{E831C8DB-D691-4B1C-9C17-3B741EAE502C}.Debug|Any CPU.Build.0 = Debug|Any CPU
		{E831C8DB-D691-4B1C-9C17-3B741EAE502C}.Release|Any CPU.ActiveCfg = Release|Any CPU
		{E831C8DB-D691-4B1C-9C17-3B741EAE502C}.Release|Any CPU.Build.0 = Release|Any CPU
	EndGlobalSection
	GlobalSection(SolutionProperties) = preSolution
		HideSolutionNode = FALSE
	EndGlobalSection
	GlobalSection(ExtensibilityGlobals) = postSolution
		SolutionGuid = {28E5A7C6-32FA-4BDC-9484-DB681A8E5F6F}
	EndGlobalSection
EndGlobal
