
Microsoft Visual Studio Solution File, Format Version 12.00
# Visual Studio Version 16
VisualStudioVersion = 16.0.33423.256
MinimumVisualStudioVersion = 10.0.40219.1
Project("{FAE04EC0-301F-11D3-BF4B-00C04F79EFBC}") = "test_02", "test_02\test_02.csproj", "{3E3F6077-7B3E-448F-A6C2-FFA597A3D2DF}"
EndProject
Global
	GlobalSection(SolutionConfigurationPlatforms) = preSolution
		Debug|Any CPU = Debug|Any CPU
		Release|Any CPU = Release|Any CPU
	EndGlobalSection
	GlobalSection(ProjectConfigurationPlatforms) = postSolution
		{3E3F6077-7B3E-448F-A6C2-FFA597A3D2DF}.Debug|Any CPU.ActiveCfg = Debug|Any CPU
		{3E3F6077-7B3E-448F-A6C2-FFA597A3D2DF}.Debug|Any CPU.Build.0 = Debug|Any CPU
		{3E3F6077-7B3E-448F-A6C2-FFA597A3D2DF}.Release|Any CPU.ActiveCfg = Release|Any CPU
		{3E3F6077-7B3E-448F-A6C2-FFA597A3D2DF}.Release|Any CPU.Build.0 = Release|Any CPU
	EndGlobalSection
	GlobalSection(SolutionProperties) = preSolution
		HideSolutionNode = FALSE
	EndGlobalSection
	GlobalSection(ExtensibilityGlobals) = postSolution
		SolutionGuid = {C54DFC2D-BD6E-493A-9BE1-7E84D24B9F6B}
	EndGlobalSection
EndGlobal
