
Microsoft Visual Studio Solution File, Format Version 12.00
# Visual Studio Version 16
VisualStudioVersion = 16.0.33423.256
MinimumVisualStudioVersion = 10.0.40219.1
Project("{FAE04EC0-301F-11D3-BF4B-00C04F79EFBC}") = "game_Task_Challange2Week6", "game_Task_Challange2Week6\game_Task_Challange2Week6.csproj", "{CD4DBE22-2BCB-4935-B7F2-3AC791650242}"
EndProject
Global
	GlobalSection(SolutionConfigurationPlatforms) = preSolution
		Debug|Any CPU = Debug|Any CPU
		Release|Any CPU = Release|Any CPU
	EndGlobalSection
	GlobalSection(ProjectConfigurationPlatforms) = postSolution
		{CD4DBE22-2BCB-4935-B7F2-3AC791650242}.Debug|Any CPU.ActiveCfg = Debug|Any CPU
		{CD4DBE22-2BCB-4935-B7F2-3AC791650242}.Debug|Any CPU.Build.0 = Debug|Any CPU
		{CD4DBE22-2BCB-4935-B7F2-3AC791650242}.Release|Any CPU.ActiveCfg = Release|Any CPU
		{CD4DBE22-2BCB-4935-B7F2-3AC791650242}.Release|Any CPU.Build.0 = Release|Any CPU
	EndGlobalSection
	GlobalSection(SolutionProperties) = preSolution
		HideSolutionNode = FALSE
	EndGlobalSection
	GlobalSection(ExtensibilityGlobals) = postSolution
		SolutionGuid = {7616CD48-7974-4037-A566-6FB43A759A1F}
	EndGlobalSection
EndGlobal
