
Microsoft Visual Studio Solution File, Format Version 12.00
# Visual Studio Version 16
VisualStudioVersion = 16.0.33423.256
MinimumVisualStudioVersion = 10.0.40219.1
Project("{FAE04EC0-301F-11D3-BF4B-00C04F79EFBC}") = "Taxi_Domain_Model", "Taxi_Domain_Model\Taxi_Domain_Model.csproj", "{ED4A105E-F502-4CEF-BFFB-B554D9247DFD}"
EndProject
Global
	GlobalSection(SolutionConfigurationPlatforms) = preSolution
		Debug|Any CPU = Debug|Any CPU
		Release|Any CPU = Release|Any CPU
	EndGlobalSection
	GlobalSection(ProjectConfigurationPlatforms) = postSolution
		{ED4A105E-F502-4CEF-BFFB-B554D9247DFD}.Debug|Any CPU.ActiveCfg = Debug|Any CPU
		{ED4A105E-F502-4CEF-BFFB-B554D9247DFD}.Debug|Any CPU.Build.0 = Debug|Any CPU
		{ED4A105E-F502-4CEF-BFFB-B554D9247DFD}.Release|Any CPU.ActiveCfg = Release|Any CPU
		{ED4A105E-F502-4CEF-BFFB-B554D9247DFD}.Release|Any CPU.Build.0 = Release|Any CPU
	EndGlobalSection
	GlobalSection(SolutionProperties) = preSolution
		HideSolutionNode = FALSE
	EndGlobalSection
	GlobalSection(ExtensibilityGlobals) = postSolution
		SolutionGuid = {32FE48A9-8867-430B-A7DE-612EB5E37D04}
	EndGlobalSection
EndGlobal
