
Microsoft Visual Studio Solution File, Format Version 12.00
# Visual Studio Version 16
VisualStudioVersion = 16.0.33423.256
MinimumVisualStudioVersion = 10.0.40219.1
Project("{FAE04EC0-301F-11D3-BF4B-00C04F79EFBC}") = "GUIpacman", "GUIpacman\GUIpacman.csproj", "{6B26A45C-5907-47D9-9081-960D4F3B3428}"
EndProject
Global
	GlobalSection(SolutionConfigurationPlatforms) = preSolution
		Debug|Any CPU = Debug|Any CPU
		Release|Any CPU = Release|Any CPU
	EndGlobalSection
	GlobalSection(ProjectConfigurationPlatforms) = postSolution
		{6B26A45C-5907-47D9-9081-960D4F3B3428}.Debug|Any CPU.ActiveCfg = Debug|Any CPU
		{6B26A45C-5907-47D9-9081-960D4F3B3428}.Debug|Any CPU.Build.0 = Debug|Any CPU
		{6B26A45C-5907-47D9-9081-960D4F3B3428}.Release|Any CPU.ActiveCfg = Release|Any CPU
		{6B26A45C-5907-47D9-9081-960D4F3B3428}.Release|Any CPU.Build.0 = Release|Any CPU
	EndGlobalSection
	GlobalSection(SolutionProperties) = preSolution
		HideSolutionNode = FALSE
	EndGlobalSection
	GlobalSection(ExtensibilityGlobals) = postSolution
		SolutionGuid = {B1A57ACF-D222-4DCE-AFF1-0172E24FE1E5}
	EndGlobalSection
EndGlobal
