
Microsoft Visual Studio Solution File, Format Version 12.00
# Visual Studio Version 16
VisualStudioVersion = 16.0.33423.256
MinimumVisualStudioVersion = 10.0.40219.1
Project("{FAE04EC0-301F-11D3-BF4B-00C04F79EFBC}") = "malik_UAMS_with_LAYERS", "malik_UAMS_with_LAYERS\malik_UAMS_with_LAYERS.csproj", "{E962DEB6-19D5-4D3B-A5DC-A9ACAAEDC11F}"
EndProject
Global
	GlobalSection(SolutionConfigurationPlatforms) = preSolution
		Debug|Any CPU = Debug|Any CPU
		Release|Any CPU = Release|Any CPU
	EndGlobalSection
	GlobalSection(ProjectConfigurationPlatforms) = postSolution
		{E962DEB6-19D5-4D3B-A5DC-A9ACAAEDC11F}.Debug|Any CPU.ActiveCfg = Debug|Any CPU
		{E962DEB6-19D5-4D3B-A5DC-A9ACAAEDC11F}.Debug|Any CPU.Build.0 = Debug|Any CPU
		{E962DEB6-19D5-4D3B-A5DC-A9ACAAEDC11F}.Release|Any CPU.ActiveCfg = Release|Any CPU
		{E962DEB6-19D5-4D3B-A5DC-A9ACAAEDC11F}.Release|Any CPU.Build.0 = Release|Any CPU
	EndGlobalSection
	GlobalSection(SolutionProperties) = preSolution
		HideSolutionNode = FALSE
	EndGlobalSection
	GlobalSection(ExtensibilityGlobals) = postSolution
		SolutionGuid = {5483B75E-FB49-437B-9142-60409198112E}
	EndGlobalSection
EndGlobal
